{
  "name": "templates",
  "version": "1.0.0",
  "lockfileVersion": 2,
  "requires": true,
  "packages": {
    "": {
      "name": "templates",
      "version": "1.0.0",
      "license": "ISC",
      "workspaces": [
        "packages/template-vanila",
        "packages\\template-vue2-simple"
      ]
    },
    "node_modules/template-vanila": {
      "resolved": "packages/template-vanila",
      "link": true
    },
    "node_modules/template-vue2-simple": {
      "resolved": "packages/template-vue2-simple",
      "link": true
    },
    "packages/template-vanila": {
      "version": "1.0.0",
      "license": "ISC"
    },
    "packages/template-vue2-simple": {
      "version": "1.0.0",
      "license": "ISC",
      "devDependencies": {}
    }
  },
  "dependencies": {
    "template-vanila": {
      "version": "file:packages/template-vanila"
    },
    "template-vue2-simple": {
      "version": "file:packages/template-vue2-simple"
    }
  }
}
